// !$*UTF8*$!
{
	archiveVersion = 1;
	classes = {
	};
	objectVersion = 50;
	objects = {

/* Begin PBXBuildFile section */
		79380CADEB2CB222B14CB68E /* Pods_sailPower.framework in Frameworks */ = {isa = PBXBuildFile; fileRef = 4CB1DE953DD86444A3411D14 /* Pods_sailPower.framework */; };
		A304B68421D1A4610065BB88 /* settingsViewController.swift in Sources */ = {isa = PBXBuildFile; fileRef = A304B68321D1A4610065BB88 /* settingsViewController.swift */; };
		A304B68621DA83540065BB88 /* connectionController.swift in Sources */ = {isa = PBXBuildFile; fileRef = A304B68521DA83540065BB88 /* connectionController.swift */; };
		A3357A5921CB330E00BC6FC2 /* AppDelegate.swift in Sources */ = {isa = PBXBuildFile; fileRef = A3357A5821CB330E00BC6FC2 /* AppDelegate.swift */; };
		A3357A5E21CB330E00BC6FC2 /* Main.storyboard in Resources */ = {isa = PBXBuildFile; fileRef = A3357A5C21CB330E00BC6FC2 /* Main.storyboard */; };
		A3357A6021CB330F00BC6FC2 /* Assets.xcassets in Resources */ = {isa = PBXBuildFile; fileRef = A3357A5F21CB330F00BC6FC2 /* Assets.xcassets */; };
		A3357A6321CB330F00BC6FC2 /* LaunchScreen.storyboard in Resources */ = {isa = PBXBuildFile; fileRef = A3357A6121CB330F00BC6FC2 /* LaunchScreen.storyboard */; };
		A3357A6E21CB330F00BC6FC2 /* sailPowerTests.swift in Sources */ = {isa = PBXBuildFile; fileRef = A3357A6D21CB330F00BC6FC2 /* sailPowerTests.swift */; };
		A3357A7921CB330F00BC6FC2 /* sailPowerUITests.swift in Sources */ = {isa = PBXBuildFile; fileRef = A3357A7821CB330F00BC6FC2 /* sailPowerUITests.swift */; };
		A3357A8821CB5EDF00BC6FC2 /* mathStuff.swift in Sources */ = {isa = PBXBuildFile; fileRef = A3357A8721CB5EDF00BC6FC2 /* mathStuff.swift */; };
		A3804F4221D04AF100051889 /* masterViewController.swift in Sources */ = {isa = PBXBuildFile; fileRef = A3804F4121D04AF100051889 /* masterViewController.swift */; };
		A3804F4421D04E1500051889 /* manualViewController.swift in Sources */ = {isa = PBXBuildFile; fileRef = A3804F4321D04E1500051889 /* manualViewController.swift */; };
		A3804F4621D04E3A00051889 /* autoViewController.swift in Sources */ = {isa = PBXBuildFile; fileRef = A3804F4521D04E3A00051889 /* autoViewController.swift */; };
		E6EE726A2204F97600E44A6B /* NMEAParser.cpp in Sources */ = {isa = PBXBuildFile; fileRef = E6EE72632204F97600E44A6B /* NMEAParser.cpp */; };
		E6EE726B2204F97600E44A6B /* NMEAShared.cpp in Sources */ = {isa = PBXBuildFile; fileRef = E6EE72652204F97600E44A6B /* NMEAShared.cpp */; };
		E6EE726C2204F97600E44A6B /* NMEAMessage.cpp in Sources */ = {isa = PBXBuildFile; fileRef = E6EE72672204F97600E44A6B /* NMEAMessage.cpp */; };
		E6EE72712204F98000E44A6B /* SeaTalkParser.cpp in Sources */ = {isa = PBXBuildFile; fileRef = E6EE726D2204F97F00E44A6B /* SeaTalkParser.cpp */; };
		E6EE72722204F98000E44A6B /* SeaTalkMessage.cpp in Sources */ = {isa = PBXBuildFile; fileRef = E6EE726F2204F98000E44A6B /* SeaTalkMessage.cpp */; };
		E6EE72832204FF3E00E44A6B /* wrapper.cpp in Sources */ = {isa = PBXBuildFile; fileRef = E6EE72822204FF3E00E44A6B /* wrapper.cpp */; };
/* End PBXBuildFile section */

/* Begin PBXContainerItemProxy section */
		A3357A6A21CB330F00BC6FC2 /* PBXContainerItemProxy */ = {
			isa = PBXContainerItemProxy;
			containerPortal = A3357A4D21CB330E00BC6FC2 /* Project object */;
			proxyType = 1;
			remoteGlobalIDString = A3357A5421CB330E00BC6FC2;
			remoteInfo = sailPower;
		};
		A3357A7521CB330F00BC6FC2 /* PBXContainerItemProxy */ = {
			isa = PBXContainerItemProxy;
			containerPortal = A3357A4D21CB330E00BC6FC2 /* Project object */;
			proxyType = 1;
			remoteGlobalIDString = A3357A5421CB330E00BC6FC2;
			remoteInfo = sailPower;
		};
/* End PBXContainerItemProxy section */

/* Begin PBXFileReference section */
		4CB1DE953DD86444A3411D14 /* Pods_sailPower.framework */ = {isa = PBXFileReference; explicitFileType = wrapper.framework; includeInIndex = 0; path = Pods_sailPower.framework; sourceTree = BUILT_PRODUCTS_DIR; };
		545918163AF224C2A9ED38F5 /* Pods-sailPower.debug.xcconfig */ = {isa = PBXFileReference; includeInIndex = 1; lastKnownFileType = text.xcconfig; name = "Pods-sailPower.debug.xcconfig"; path = "Pods/Target Support Files/Pods-sailPower/Pods-sailPower.debug.xcconfig"; sourceTree = "<group>"; };
		5B9F22FE620B18D2BA0A1FD2 /* Pods-sailPower.release.xcconfig */ = {isa = PBXFileReference; includeInIndex = 1; lastKnownFileType = text.xcconfig; name = "Pods-sailPower.release.xcconfig"; path = "Pods/Target Support Files/Pods-sailPower/Pods-sailPower.release.xcconfig"; sourceTree = "<group>"; };
		A304B68321D1A4610065BB88 /* settingsViewController.swift */ = {isa = PBXFileReference; lastKnownFileType = sourcecode.swift; path = settingsViewController.swift; sourceTree = "<group>"; };
		A304B68521DA83540065BB88 /* connectionController.swift */ = {isa = PBXFileReference; lastKnownFileType = sourcecode.swift; path = connectionController.swift; sourceTree = "<group>"; };
		A3357A5521CB330E00BC6FC2 /* sailPower.app */ = {isa = PBXFileReference; explicitFileType = wrapper.application; includeInIndex = 0; path = sailPower.app; sourceTree = BUILT_PRODUCTS_DIR; };
		A3357A5821CB330E00BC6FC2 /* AppDelegate.swift */ = {isa = PBXFileReference; lastKnownFileType = sourcecode.swift; path = AppDelegate.swift; sourceTree = "<group>"; };
		A3357A5D21CB330E00BC6FC2 /* Base */ = {isa = PBXFileReference; lastKnownFileType = file.storyboard; name = Base; path = Base.lproj/Main.storyboard; sourceTree = "<group>"; };
		A3357A5F21CB330F00BC6FC2 /* Assets.xcassets */ = {isa = PBXFileReference; lastKnownFileType = folder.assetcatalog; path = Assets.xcassets; sourceTree = "<group>"; };
		A3357A6221CB330F00BC6FC2 /* Base */ = {isa = PBXFileReference; lastKnownFileType = file.storyboard; name = Base; path = Base.lproj/LaunchScreen.storyboard; sourceTree = "<group>"; };
		A3357A6421CB330F00BC6FC2 /* Info.plist */ = {isa = PBXFileReference; lastKnownFileType = text.plist.xml; path = Info.plist; sourceTree = "<group>"; };
		A3357A6921CB330F00BC6FC2 /* sailPowerTests.xctest */ = {isa = PBXFileReference; explicitFileType = wrapper.cfbundle; includeInIndex = 0; path = sailPowerTests.xctest; sourceTree = BUILT_PRODUCTS_DIR; };
		A3357A6D21CB330F00BC6FC2 /* sailPowerTests.swift */ = {isa = PBXFileReference; lastKnownFileType = sourcecode.swift; path = sailPowerTests.swift; sourceTree = "<group>"; };
		A3357A6F21CB330F00BC6FC2 /* Info.plist */ = {isa = PBXFileReference; lastKnownFileType = text.plist.xml; path = Info.plist; sourceTree = "<group>"; };
		A3357A7421CB330F00BC6FC2 /* sailPowerUITests.xctest */ = {isa = PBXFileReference; explicitFileType = wrapper.cfbundle; includeInIndex = 0; path = sailPowerUITests.xctest; sourceTree = BUILT_PRODUCTS_DIR; };
		A3357A7821CB330F00BC6FC2 /* sailPowerUITests.swift */ = {isa = PBXFileReference; lastKnownFileType = sourcecode.swift; path = sailPowerUITests.swift; sourceTree = "<group>"; };
		A3357A7A21CB330F00BC6FC2 /* Info.plist */ = {isa = PBXFileReference; lastKnownFileType = text.plist.xml; path = Info.plist; sourceTree = "<group>"; };
		A3357A8721CB5EDF00BC6FC2 /* mathStuff.swift */ = {isa = PBXFileReference; lastKnownFileType = sourcecode.swift; path = mathStuff.swift; sourceTree = "<group>"; };
		A3804F4121D04AF100051889 /* masterViewController.swift */ = {isa = PBXFileReference; lastKnownFileType = sourcecode.swift; path = masterViewController.swift; sourceTree = "<group>"; };
		A3804F4321D04E1500051889 /* manualViewController.swift */ = {isa = PBXFileReference; lastKnownFileType = sourcecode.swift; path = manualViewController.swift; sourceTree = "<group>"; };
		A3804F4521D04E3A00051889 /* autoViewController.swift */ = {isa = PBXFileReference; lastKnownFileType = sourcecode.swift; path = autoViewController.swift; sourceTree = "<group>"; };
		E6EE72632204F97600E44A6B /* NMEAParser.cpp */ = {isa = PBXFileReference; fileEncoding = 4; lastKnownFileType = sourcecode.cpp.cpp; path = NMEAParser.cpp; sourceTree = "<group>"; };
		E6EE72642204F97600E44A6B /* NMEAShared.h */ = {isa = PBXFileReference; fileEncoding = 4; lastKnownFileType = sourcecode.c.h; path = NMEAShared.h; sourceTree = "<group>"; };
		E6EE72652204F97600E44A6B /* NMEAShared.cpp */ = {isa = PBXFileReference; fileEncoding = 4; lastKnownFileType = sourcecode.cpp.cpp; path = NMEAShared.cpp; sourceTree = "<group>"; };
		E6EE72662204F97600E44A6B /* types.h */ = {isa = PBXFileReference; fileEncoding = 4; lastKnownFileType = sourcecode.c.h; path = types.h; sourceTree = "<group>"; };
		E6EE72672204F97600E44A6B /* NMEAMessage.cpp */ = {isa = PBXFileReference; fileEncoding = 4; lastKnownFileType = sourcecode.cpp.cpp; path = NMEAMessage.cpp; sourceTree = "<group>"; };
		E6EE72682204F97600E44A6B /* NMEAMessage.h */ = {isa = PBXFileReference; fileEncoding = 4; lastKnownFileType = sourcecode.c.h; path = NMEAMessage.h; sourceTree = "<group>"; };
		E6EE72692204F97600E44A6B /* NMEAParser.h */ = {isa = PBXFileReference; fileEncoding = 4; lastKnownFileType = sourcecode.c.h; path = NMEAParser.h; sourceTree = "<group>"; };
		E6EE726D2204F97F00E44A6B /* SeaTalkParser.cpp */ = {isa = PBXFileReference; fileEncoding = 4; lastKnownFileType = sourcecode.cpp.cpp; path = SeaTalkParser.cpp; sourceTree = "<group>"; };
		E6EE726E2204F97F00E44A6B /* SeaTalkMessage.h */ = {isa = PBXFileReference; fileEncoding = 4; lastKnownFileType = sourcecode.c.h; path = SeaTalkMessage.h; sourceTree = "<group>"; };
		E6EE726F2204F98000E44A6B /* SeaTalkMessage.cpp */ = {isa = PBXFileReference; fileEncoding = 4; lastKnownFileType = sourcecode.cpp.cpp; path = SeaTalkMessage.cpp; sourceTree = "<group>"; };
		E6EE72702204F98000E44A6B /* SeaTalkParser.h */ = {isa = PBXFileReference; fileEncoding = 4; lastKnownFileType = sourcecode.c.h; path = SeaTalkParser.h; sourceTree = "<group>"; };
		E6EE72822204FF3E00E44A6B /* wrapper.cpp */ = {isa = PBXFileReference; lastKnownFileType = sourcecode.cpp.cpp; path = wrapper.cpp; sourceTree = "<group>"; };
		E6EE72852204FFF900E44A6B /* sail-Bridging-Header.h */ = {isa = PBXFileReference; lastKnownFileType = sourcecode.c.h; path = "sail-Bridging-Header.h"; sourceTree = "<group>"; };
/* End PBXFileReference section */

/* Begin PBXFrameworksBuildPhase section */
		A3357A5221CB330E00BC6FC2 /* Frameworks */ = {
			isa = PBXFrameworksBuildPhase;
			buildActionMask = 2147483647;
			files = (
				79380CADEB2CB222B14CB68E /* Pods_sailPower.framework in Frameworks */,
			);
			runOnlyForDeploymentPostprocessing = 0;
		};
		A3357A6621CB330F00BC6FC2 /* Frameworks */ = {
			isa = PBXFrameworksBuildPhase;
			buildActionMask = 2147483647;
			files = (
			);
			runOnlyForDeploymentPostprocessing = 0;
		};
		A3357A7121CB330F00BC6FC2 /* Frameworks */ = {
			isa = PBXFrameworksBuildPhase;
			buildActionMask = 2147483647;
			files = (
			);
			runOnlyForDeploymentPostprocessing = 0;
		};
/* End PBXFrameworksBuildPhase section */

/* Begin PBXGroup section */
		A3357A4C21CB330E00BC6FC2 = {
			isa = PBXGroup;
			children = (
				E6EE724B2204F7C200E44A6B /* Libraries */,
				A3357A5721CB330E00BC6FC2 /* sailPower */,
				A3357A6C21CB330F00BC6FC2 /* sailPowerTests */,
				A3357A7721CB330F00BC6FC2 /* sailPowerUITests */,
				A3357A5621CB330E00BC6FC2 /* Products */,
				E8F37068A2CA53669A29E28E /* Pods */,
				E1961B025B5559F43704988B /* Frameworks */,
			);
			sourceTree = "<group>";
		};
		A3357A5621CB330E00BC6FC2 /* Products */ = {
			isa = PBXGroup;
			children = (
				A3357A5521CB330E00BC6FC2 /* sailPower.app */,
				A3357A6921CB330F00BC6FC2 /* sailPowerTests.xctest */,
				A3357A7421CB330F00BC6FC2 /* sailPowerUITests.xctest */,
			);
			name = Products;
			sourceTree = "<group>";
		};
		A3357A5721CB330E00BC6FC2 /* sailPower */ = {
			isa = PBXGroup;
			children = (
				A3357A5821CB330E00BC6FC2 /* AppDelegate.swift */,
				A3357A8721CB5EDF00BC6FC2 /* mathStuff.swift */,
				A304B68521DA83540065BB88 /* connectionController.swift */,
				A304B68321D1A4610065BB88 /* settingsViewController.swift */,
				A3357A5C21CB330E00BC6FC2 /* Main.storyboard */,
				A3357A5F21CB330F00BC6FC2 /* Assets.xcassets */,
				A3357A6121CB330F00BC6FC2 /* LaunchScreen.storyboard */,
				A3357A6421CB330F00BC6FC2 /* Info.plist */,
				A3804F4121D04AF100051889 /* masterViewController.swift */,
				A3804F4321D04E1500051889 /* manualViewController.swift */,
				A3804F4521D04E3A00051889 /* autoViewController.swift */,
				E6EE72822204FF3E00E44A6B /* wrapper.cpp */,
				E6EE72852204FFF900E44A6B /* sail-Bridging-Header.h */,
			);
			path = sailPower;
			sourceTree = "<group>";
		};
		A3357A6C21CB330F00BC6FC2 /* sailPowerTests */ = {
			isa = PBXGroup;
			children = (
				A3357A6D21CB330F00BC6FC2 /* sailPowerTests.swift */,
				A3357A6F21CB330F00BC6FC2 /* Info.plist */,
			);
			path = sailPowerTests;
			sourceTree = "<group>";
		};
		A3357A7721CB330F00BC6FC2 /* sailPowerUITests */ = {
			isa = PBXGroup;
			children = (
				A3357A7821CB330F00BC6FC2 /* sailPowerUITests.swift */,
				A3357A7A21CB330F00BC6FC2 /* Info.plist */,
			);
			path = sailPowerUITests;
			sourceTree = "<group>";
		};
		E1961B025B5559F43704988B /* Frameworks */ = {
			isa = PBXGroup;
			children = (
				4CB1DE953DD86444A3411D14 /* Pods_sailPower.framework */,
			);
			name = Frameworks;
			sourceTree = "<group>";
		};
		E6EE724B2204F7C200E44A6B /* Libraries */ = {
			isa = PBXGroup;
			children = (
				E6EE72622204F94900E44A6B /* nmea */,
				E6EE72612204F93E00E44A6B /* seatalk */,
			);
			path = Libraries;
			sourceTree = "<group>";
		};
		E6EE72612204F93E00E44A6B /* seatalk */ = {
			isa = PBXGroup;
			children = (
				E6EE726F2204F98000E44A6B /* SeaTalkMessage.cpp */,
				E6EE726E2204F97F00E44A6B /* SeaTalkMessage.h */,
				E6EE726D2204F97F00E44A6B /* SeaTalkParser.cpp */,
				E6EE72702204F98000E44A6B /* SeaTalkParser.h */,
			);
			path = seatalk;
			sourceTree = "<group>";
		};
		E6EE72622204F94900E44A6B /* nmea */ = {
			isa = PBXGroup;
			children = (
				E6EE72672204F97600E44A6B /* NMEAMessage.cpp */,
				E6EE72682204F97600E44A6B /* NMEAMessage.h */,
				E6EE72632204F97600E44A6B /* NMEAParser.cpp */,
				E6EE72692204F97600E44A6B /* NMEAParser.h */,
				E6EE72652204F97600E44A6B /* NMEAShared.cpp */,
				E6EE72642204F97600E44A6B /* NMEAShared.h */,
				E6EE72662204F97600E44A6B /* types.h */,
			);
			path = nmea;
			sourceTree = "<group>";
		};
		E8F37068A2CA53669A29E28E /* Pods */ = {
			isa = PBXGroup;
			children = (
				545918163AF224C2A9ED38F5 /* Pods-sailPower.debug.xcconfig */,
				5B9F22FE620B18D2BA0A1FD2 /* Pods-sailPower.release.xcconfig */,
			);
			name = Pods;
			sourceTree = "<group>";
		};
/* End PBXGroup section */

/* Begin PBXNativeTarget section */
		A3357A5421CB330E00BC6FC2 /* sailPower */ = {
			isa = PBXNativeTarget;
			buildConfigurationList = A3357A7D21CB330F00BC6FC2 /* Build configuration list for PBXNativeTarget "sailPower" */;
			buildPhases = (
				60F70B2E217F14E46DEF2773 /* [CP] Check Pods Manifest.lock */,
				A3357A5121CB330E00BC6FC2 /* Sources */,
				A3357A5221CB330E00BC6FC2 /* Frameworks */,
				A3357A5321CB330E00BC6FC2 /* Resources */,
				9173B252DC332392C9B47719 /* [CP] Embed Pods Frameworks */,
			);
			buildRules = (
			);
			dependencies = (
			);
			name = sailPower;
			productName = sailPower;
			productReference = A3357A5521CB330E00BC6FC2 /* sailPower.app */;
			productType = "com.apple.product-type.application";
		};
		A3357A6821CB330F00BC6FC2 /* sailPowerTests */ = {
			isa = PBXNativeTarget;
			buildConfigurationList = A3357A8021CB330F00BC6FC2 /* Build configuration list for PBXNativeTarget "sailPowerTests" */;
			buildPhases = (
				A3357A6521CB330F00BC6FC2 /* Sources */,
				A3357A6621CB330F00BC6FC2 /* Frameworks */,
				A3357A6721CB330F00BC6FC2 /* Resources */,
			);
			buildRules = (
			);
			dependencies = (
				A3357A6B21CB330F00BC6FC2 /* PBXTargetDependency */,
			);
			name = sailPowerTests;
			productName = sailPowerTests;
			productReference = A3357A6921CB330F00BC6FC2 /* sailPowerTests.xctest */;
			productType = "com.apple.product-type.bundle.unit-test";
		};
		A3357A7321CB330F00BC6FC2 /* sailPowerUITests */ = {
			isa = PBXNativeTarget;
			buildConfigurationList = A3357A8321CB330F00BC6FC2 /* Build configuration list for PBXNativeTarget "sailPowerUITests" */;
			buildPhases = (
				A3357A7021CB330F00BC6FC2 /* Sources */,
				A3357A7121CB330F00BC6FC2 /* Frameworks */,
				A3357A7221CB330F00BC6FC2 /* Resources */,
			);
			buildRules = (
			);
			dependencies = (
				A3357A7621CB330F00BC6FC2 /* PBXTargetDependency */,
			);
			name = sailPowerUITests;
			productName = sailPowerUITests;
			productReference = A3357A7421CB330F00BC6FC2 /* sailPowerUITests.xctest */;
			productType = "com.apple.product-type.bundle.ui-testing";
		};
/* End PBXNativeTarget section */

/* Begin PBXProject section */
		A3357A4D21CB330E00BC6FC2 /* Project object */ = {
			isa = PBXProject;
			attributes = {
				LastSwiftUpdateCheck = 1010;
				LastUpgradeCheck = 1010;
				ORGANIZATIONNAME = WSE;
				TargetAttributes = {
					A3357A5421CB330E00BC6FC2 = {
						CreatedOnToolsVersion = 10.1;
						LastSwiftMigration = 1010;
					};
					A3357A6821CB330F00BC6FC2 = {
						CreatedOnToolsVersion = 10.1;
						TestTargetID = A3357A5421CB330E00BC6FC2;
					};
					A3357A7321CB330F00BC6FC2 = {
						CreatedOnToolsVersion = 10.1;
						TestTargetID = A3357A5421CB330E00BC6FC2;
					};
				};
			};
			buildConfigurationList = A3357A5021CB330E00BC6FC2 /* Build configuration list for PBXProject "sailPower" */;
			compatibilityVersion = "Xcode 9.3";
			developmentRegion = en;
			hasScannedForEncodings = 0;
			knownRegions = (
				en,
				Base,
			);
			mainGroup = A3357A4C21CB330E00BC6FC2;
			productRefGroup = A3357A5621CB330E00BC6FC2 /* Products */;
			projectDirPath = "";
			projectRoot = "";
			targets = (
				A3357A5421CB330E00BC6FC2 /* sailPower */,
				A3357A6821CB330F00BC6FC2 /* sailPowerTests */,
				A3357A7321CB330F00BC6FC2 /* sailPowerUITests */,
			);
		};
/* End PBXProject section */

/* Begin PBXResourcesBuildPhase section */
		A3357A5321CB330E00BC6FC2 /* Resources */ = {
			isa = PBXResourcesBuildPhase;
			buildActionMask = 2147483647;
			files = (
				A3357A6321CB330F00BC6FC2 /* LaunchScreen.storyboard in Resources */,
				A3357A6021CB330F00BC6FC2 /* Assets.xcassets in Resources */,
				A3357A5E21CB330E00BC6FC2 /* Main.storyboard in Resources */,
			);
			runOnlyForDeploymentPostprocessing = 0;
		};
		A3357A6721CB330F00BC6FC2 /* Resources */ = {
			isa = PBXResourcesBuildPhase;
			buildActionMask = 2147483647;
			files = (
			);
			runOnlyForDeploymentPostprocessing = 0;
		};
		A3357A7221CB330F00BC6FC2 /* Resources */ = {
			isa = PBXResourcesBuildPhase;
			buildActionMask = 2147483647;
			files = (
			);
			runOnlyForDeploymentPostprocessing = 0;
		};
/* End PBXResourcesBuildPhase section */

/* Begin PBXShellScriptBuildPhase section */
		60F70B2E217F14E46DEF2773 /* [CP] Check Pods Manifest.lock */ = {
			isa = PBXShellScriptBuildPhase;
			buildActionMask = 2147483647;
			files = (
			);
			inputFileListPaths = (
			);
			inputPaths = (
				"${PODS_PODFILE_DIR_PATH}/Podfile.lock",
				"${PODS_ROOT}/Manifest.lock",
			);
			name = "[CP] Check Pods Manifest.lock";
			outputFileListPaths = (
			);
			outputPaths = (
				"$(DERIVED_FILE_DIR)/Pods-sailPower-checkManifestLockResult.txt",
			);
			runOnlyForDeploymentPostprocessing = 0;
			shellPath = /bin/sh;
			shellScript = "diff \"${PODS_PODFILE_DIR_PATH}/Podfile.lock\" \"${PODS_ROOT}/Manifest.lock\" > /dev/null\nif [ $? != 0 ] ; then\n    # print error to STDERR\n    echo \"error: The sandbox is not in sync with the Podfile.lock. Run 'pod install' or update your CocoaPods installation.\" >&2\n    exit 1\nfi\n# This output is used by Xcode 'outputs' to avoid re-running this script phase.\necho \"SUCCESS\" > \"${SCRIPT_OUTPUT_FILE_0}\"\n";
			showEnvVarsInLog = 0;
		};
		9173B252DC332392C9B47719 /* [CP] Embed Pods Frameworks */ = {
			isa = PBXShellScriptBuildPhase;
			buildActionMask = 2147483647;
			files = (
			);
			inputFileListPaths = (
			);
			inputPaths = (
				"${SRCROOT}/Pods/Target Support Files/Pods-sailPower/Pods-sailPower-frameworks.sh",
				"${BUILT_PRODUCTS_DIR}/CocoaAsyncSocket/CocoaAsyncSocket.framework",
			);
			name = "[CP] Embed Pods Frameworks";
			outputFileListPaths = (
			);
			outputPaths = (
				"${TARGET_BUILD_DIR}/${FRAMEWORKS_FOLDER_PATH}/CocoaAsyncSocket.framework",
			);
			runOnlyForDeploymentPostprocessing = 0;
			shellPath = /bin/sh;
			shellScript = "\"${SRCROOT}/Pods/Target Support Files/Pods-sailPower/Pods-sailPower-frameworks.sh\"\n";
			showEnvVarsInLog = 0;
		};
/* End PBXShellScriptBuildPhase section */

/* Begin PBXSourcesBuildPhase section */
		A3357A5121CB330E00BC6FC2 /* Sources */ = {
			isa = PBXSourcesBuildPhase;
			buildActionMask = 2147483647;
			files = (
				E6EE726C2204F97600E44A6B /* NMEAMessage.cpp in Sources */,
				E6EE72722204F98000E44A6B /* SeaTalkMessage.cpp in Sources */,
				A3804F4221D04AF100051889 /* masterViewController.swift in Sources */,
				E6EE726B2204F97600E44A6B /* NMEAShared.cpp in Sources */,
				A3357A5921CB330E00BC6FC2 /* AppDelegate.swift in Sources */,
				E6EE72712204F98000E44A6B /* SeaTalkParser.cpp in Sources */,
				A3804F4621D04E3A00051889 /* autoViewController.swift in Sources */,
				A304B68621DA83540065BB88 /* connectionController.swift in Sources */,
				A3357A8821CB5EDF00BC6FC2 /* mathStuff.swift in Sources */,
				E6EE72832204FF3E00E44A6B /* wrapper.cpp in Sources */,
				E6EE726A2204F97600E44A6B /* NMEAParser.cpp in Sources */,
				A3804F4421D04E1500051889 /* manualViewController.swift in Sources */,
				A304B68421D1A4610065BB88 /* settingsViewController.swift in Sources */,
			);
			runOnlyForDeploymentPostprocessing = 0;
		};
		A3357A6521CB330F00BC6FC2 /* Sources */ = {
			isa = PBXSourcesBuildPhase;
			buildActionMask = 2147483647;
			files = (
				A3357A6E21CB330F00BC6FC2 /* sailPowerTests.swift in Sources */,
			);
			runOnlyForDeploymentPostprocessing = 0;
		};
		A3357A7021CB330F00BC6FC2 /* Sources */ = {
			isa = PBXSourcesBuildPhase;
			buildActionMask = 2147483647;
			files = (
				A3357A7921CB330F00BC6FC2 /* sailPowerUITests.swift in Sources */,
			);
			runOnlyForDeploymentPostprocessing = 0;
		};
/* End PBXSourcesBuildPhase section */

/* Begin PBXTargetDependency section */
		A3357A6B21CB330F00BC6FC2 /* PBXTargetDependency */ = {
			isa = PBXTargetDependency;
			target = A3357A5421CB330E00BC6FC2 /* sailPower */;
			targetProxy = A3357A6A21CB330F00BC6FC2 /* PBXContainerItemProxy */;
		};
		A3357A7621CB330F00BC6FC2 /* PBXTargetDependency */ = {
			isa = PBXTargetDependency;
			target = A3357A5421CB330E00BC6FC2 /* sailPower */;
			targetProxy = A3357A7521CB330F00BC6FC2 /* PBXContainerItemProxy */;
		};
/* End PBXTargetDependency section */

/* Begin PBXVariantGroup section */
		A3357A5C21CB330E00BC6FC2 /* Main.storyboard */ = {
			isa = PBXVariantGroup;
			children = (
				A3357A5D21CB330E00BC6FC2 /* Base */,
			);
			name = Main.storyboard;
			sourceTree = "<group>";
		};
		A3357A6121CB330F00BC6FC2 /* LaunchScreen.storyboard */ = {
			isa = PBXVariantGroup;
			children = (
				A3357A6221CB330F00BC6FC2 /* Base */,
			);
			name = LaunchScreen.storyboard;
			sourceTree = "<group>";
		};
/* End PBXVariantGroup section */

/* Begin XCBuildConfiguration section */
		A3357A7B21CB330F00BC6FC2 /* Debug */ = {
			isa = XCBuildConfiguration;
			buildSettings = {
				ALWAYS_SEARCH_USER_PATHS = NO;
				CLANG_ANALYZER_NONNULL = YES;
				CLANG_ANALYZER_NUMBER_OBJECT_CONVERSION = YES_AGGRESSIVE;
				CLANG_CXX_LANGUAGE_STANDARD = "gnu++14";
				CLANG_CXX_LIBRARY = "libc++";
				CLANG_ENABLE_MODULES = YES;
				CLANG_ENABLE_OBJC_ARC = YES;
				CLANG_ENABLE_OBJC_WEAK = YES;
				CLANG_WARN_BLOCK_CAPTURE_AUTORELEASING = YES;
				CLANG_WARN_BOOL_CONVERSION = YES;
				CLANG_WARN_COMMA = YES;
				CLANG_WARN_CONSTANT_CONVERSION = YES;
				CLANG_WARN_DEPRECATED_OBJC_IMPLEMENTATIONS = YES;
				CLANG_WARN_DIRECT_OBJC_ISA_USAGE = YES_ERROR;
				CLANG_WARN_DOCUMENTATION_COMMENTS = YES;
				CLANG_WARN_EMPTY_BODY = YES;
				CLANG_WARN_ENUM_CONVERSION = YES;
				CLANG_WARN_INFINITE_RECURSION = YES;
				CLANG_WARN_INT_CONVERSION = YES;
				CLANG_WARN_NON_LITERAL_NULL_CONVERSION = YES;
				CLANG_WARN_OBJC_IMPLICIT_RETAIN_SELF = YES;
				CLANG_WARN_OBJC_LITERAL_CONVERSION = YES;
				CLANG_WARN_OBJC_ROOT_CLASS = YES_ERROR;
				CLANG_WARN_RANGE_LOOP_ANALYSIS = YES;
				CLANG_WARN_STRICT_PROTOTYPES = YES;
				CLANG_WARN_SUSPICIOUS_MOVE = YES;
				CLANG_WARN_UNGUARDED_AVAILABILITY = YES_AGGRESSIVE;
				CLANG_WARN_UNREACHABLE_CODE = YES;
				CLANG_WARN__DUPLICATE_METHOD_MATCH = YES;
				CODE_SIGN_IDENTITY = "iPhone Developer";
				COPY_PHASE_STRIP = NO;
				DEBUG_INFORMATION_FORMAT = dwarf;
				ENABLE_STRICT_OBJC_MSGSEND = YES;
				ENABLE_TESTABILITY = YES;
				GCC_C_LANGUAGE_STANDARD = gnu11;
				GCC_DYNAMIC_NO_PIC = NO;
				GCC_NO_COMMON_BLOCKS = YES;
				GCC_OPTIMIZATION_LEVEL = 0;
				GCC_PREPROCESSOR_DEFINITIONS = (
					"DEBUG=1",
					"$(inherited)",
				);
				GCC_WARN_64_TO_32_BIT_CONVERSION = YES;
				GCC_WARN_ABOUT_RETURN_TYPE = YES_ERROR;
				GCC_WARN_UNDECLARED_SELECTOR = YES;
				GCC_WARN_UNINITIALIZED_AUTOS = YES_AGGRESSIVE;
				GCC_WARN_UNUSED_FUNCTION = YES;
				GCC_WARN_UNUSED_VARIABLE = YES;
				IPHONEOS_DEPLOYMENT_TARGET = 12.1;
				MTL_ENABLE_DEBUG_INFO = INCLUDE_SOURCE;
				MTL_FAST_MATH = YES;
				ONLY_ACTIVE_ARCH = YES;
				SDKROOT = iphoneos;
				SWIFT_ACTIVE_COMPILATION_CONDITIONS = DEBUG;
				SWIFT_OPTIMIZATION_LEVEL = "-Onone";
			};
			name = Debug;
		};
		A3357A7C21CB330F00BC6FC2 /* Release */ = {
			isa = XCBuildConfiguration;
			buildSettings = {
				ALWAYS_SEARCH_USER_PATHS = NO;
				CLANG_ANALYZER_NONNULL = YES;
				CLANG_ANALYZER_NUMBER_OBJECT_CONVERSION = YES_AGGRESSIVE;
				CLANG_CXX_LANGUAGE_STANDARD = "gnu++14";
				CLANG_CXX_LIBRARY = "libc++";
				CLANG_ENABLE_MODULES = YES;
				CLANG_ENABLE_OBJC_ARC = YES;
				CLANG_ENABLE_OBJC_WEAK = YES;
				CLANG_WARN_BLOCK_CAPTURE_AUTORELEASING = YES;
				CLANG_WARN_BOOL_CONVERSION = YES;
				CLANG_WARN_COMMA = YES;
				CLANG_WARN_CONSTANT_CONVERSION = YES;
				CLANG_WARN_DEPRECATED_OBJC_IMPLEMENTATIONS = YES;
				CLANG_WARN_DIRECT_OBJC_ISA_USAGE = YES_ERROR;
				CLANG_WARN_DOCUMENTATION_COMMENTS = YES;
				CLANG_WARN_EMPTY_BODY = YES;
				CLANG_WARN_ENUM_CONVERSION = YES;
				CLANG_WARN_INFINITE_RECURSION = YES;
				CLANG_WARN_INT_CONVERSION = YES;
				CLANG_WARN_NON_LITERAL_NULL_CONVERSION = YES;
				CLANG_WARN_OBJC_IMPLICIT_RETAIN_SELF = YES;
				CLANG_WARN_OBJC_LITERAL_CONVERSION = YES;
				CLANG_WARN_OBJC_ROOT_CLASS = YES_ERROR;
				CLANG_WARN_RANGE_LOOP_ANALYSIS = YES;
				CLANG_WARN_STRICT_PROTOTYPES = YES;
				CLANG_WARN_SUSPICIOUS_MOVE = YES;
				CLANG_WARN_UNGUARDED_AVAILABILITY = YES_AGGRESSIVE;
				CLANG_WARN_UNREACHABLE_CODE = YES;
				CLANG_WARN__DUPLICATE_METHOD_MATCH = YES;
				CODE_SIGN_IDENTITY = "iPhone Developer";
				COPY_PHASE_STRIP = NO;
				DEBUG_INFORMATION_FORMAT = "dwarf-with-dsym";
				ENABLE_NS_ASSERTIONS = NO;
				ENABLE_STRICT_OBJC_MSGSEND = YES;
				GCC_C_LANGUAGE_STANDARD = gnu11;
				GCC_NO_COMMON_BLOCKS = YES;
				GCC_WARN_64_TO_32_BIT_CONVERSION = YES;
				GCC_WARN_ABOUT_RETURN_TYPE = YES_ERROR;
				GCC_WARN_UNDECLARED_SELECTOR = YES;
				GCC_WARN_UNINITIALIZED_AUTOS = YES_AGGRESSIVE;
				GCC_WARN_UNUSED_FUNCTION = YES;
				GCC_WARN_UNUSED_VARIABLE = YES;
				IPHONEOS_DEPLOYMENT_TARGET = 12.1;
				MTL_ENABLE_DEBUG_INFO = NO;
				MTL_FAST_MATH = YES;
				SDKROOT = iphoneos;
				SWIFT_COMPILATION_MODE = wholemodule;
				SWIFT_OPTIMIZATION_LEVEL = "-O";
				VALIDATE_PRODUCT = YES;
			};
			name = Release;
		};
		A3357A7E21CB330F00BC6FC2 /* Debug */ = {
			isa = XCBuildConfiguration;
			baseConfigurationReference = 545918163AF224C2A9ED38F5 /* Pods-sailPower.debug.xcconfig */;
			buildSettings = {
				ASSETCATALOG_COMPILER_APPICON_NAME = AppIcon;
				CLANG_ENABLE_MODULES = YES;
				CODE_SIGN_STYLE = Automatic;
				INFOPLIST_FILE = sailPower/Info.plist;
				LD_RUNPATH_SEARCH_PATHS = (
					"$(inherited)",
					"@executable_path/Frameworks",
				);
				PRODUCT_BUNDLE_IDENTIFIER = WSE.sailPower;
				PRODUCT_NAME = "$(TARGET_NAME)";
				"SWIFT_OBJC_BRIDGING_HEADER[arch=*]" = "sailpower/sail-Bridging-Header.h";
				SWIFT_OPTIMIZATION_LEVEL = "-Onone";
				SWIFT_VERSION = 4.2;
				TARGETED_DEVICE_FAMILY = "1,2";
			};
			name = Debug;
		};
		A3357A7F21CB330F00BC6FC2 /* Release */ = {
			isa = XCBuildConfiguration;
			baseConfigurationReference = 5B9F22FE620B18D2BA0A1FD2 /* Pods-sailPower.release.xcconfig */;
			buildSettings = {
				ASSETCATALOG_COMPILER_APPICON_NAME = AppIcon;
				CLANG_ENABLE_MODULES = YES;
				CODE_SIGN_STYLE = Automatic;
				INFOPLIST_FILE = sailPower/Info.plist;
				LD_RUNPATH_SEARCH_PATHS = (
					"$(inherited)",
					"@executable_path/Frameworks",
				);
				PRODUCT_BUNDLE_IDENTIFIER = WSE.sailPower;
				PRODUCT_NAME = "$(TARGET_NAME)";
				"SWIFT_OBJC_BRIDGING_HEADER[arch=*]" = "sailpower/sail-Bridging-header.h";
				SWIFT_VERSION = 4.2;
				TARGETED_DEVICE_FAMILY = "1,2";
			};
			name = Release;
		};
		A3357A8121CB330F00BC6FC2 /* Debug */ = {
			isa = XCBuildConfiguration;
			buildSettings = {
				ALWAYS_EMBED_SWIFT_STANDARD_LIBRARIES = YES;
				BUNDLE_LOADER = "$(TEST_HOST)";
				CODE_SIGN_STYLE = Automatic;
				INFOPLIST_FILE = sailPowerTests/Info.plist;
				LD_RUNPATH_SEARCH_PATHS = (
					"$(inherited)",
					"@executable_path/Frameworks",
					"@loader_path/Frameworks",
				);
				PRODUCT_BUNDLE_IDENTIFIER = WSE.sailPowerTests;
				PRODUCT_NAME = "$(TARGET_NAME)";
				SWIFT_VERSION = 4.2;
				TARGETED_DEVICE_FAMILY = "1,2";
				TEST_HOST = "$(BUILT_PRODUCTS_DIR)/sailPower.app/sailPower";
			};
			name = Debug;
		};
		A3357A8221CB330F00BC6FC2 /* Release */ = {
			isa = XCBuildConfiguration;
			buildSettings = {
				ALWAYS_EMBED_SWIFT_STANDARD_LIBRARIES = YES;
				BUNDLE_LOADER = "$(TEST_HOST)";
				CODE_SIGN_STYLE = Automatic;
				INFOPLIST_FILE = sailPowerTests/Info.plist;
				LD_RUNPATH_SEARCH_PATHS = (
					"$(inherited)",
					"@executable_path/Frameworks",
					"@loader_path/Frameworks",
				);
				PRODUCT_BUNDLE_IDENTIFIER = WSE.sailPowerTests;
				PRODUCT_NAME = "$(TARGET_NAME)";
				SWIFT_VERSION = 4.2;
				TARGETED_DEVICE_FAMILY = "1,2";
				TEST_HOST = "$(BUILT_PRODUCTS_DIR)/sailPower.app/sailPower";
			};
			name = Release;
		};
		A3357A8421CB330F00BC6FC2 /* Debug */ = {
			isa = XCBuildConfiguration;
			buildSettings = {
				ALWAYS_EMBED_SWIFT_STANDARD_LIBRARIES = YES;
				CODE_SIGN_STYLE = Automatic;
				INFOPLIST_FILE = sailPowerUITests/Info.plist;
				LD_RUNPATH_SEARCH_PATHS = (
					"$(inherited)",
					"@executable_path/Frameworks",
					"@loader_path/Frameworks",
				);
				PRODUCT_BUNDLE_IDENTIFIER = WSE.sailPowerUITests;
				PRODUCT_NAME = "$(TARGET_NAME)";
				SWIFT_VERSION = 4.2;
				TARGETED_DEVICE_FAMILY = "1,2";
				TEST_TARGET_NAME = sailPower;
			};
			name = Debug;
		};
		A3357A8521CB330F00BC6FC2 /* Release */ = {
			isa = XCBuildConfiguration;
			buildSettings = {
				ALWAYS_EMBED_SWIFT_STANDARD_LIBRARIES = YES;
				CODE_SIGN_STYLE = Automatic;
				INFOPLIST_FILE = sailPowerUITests/Info.plist;
				LD_RUNPATH_SEARCH_PATHS = (
					"$(inherited)",
					"@executable_path/Frameworks",
					"@loader_path/Frameworks",
				);
				PRODUCT_BUNDLE_IDENTIFIER = WSE.sailPowerUITests;
				PRODUCT_NAME = "$(TARGET_NAME)";
				SWIFT_VERSION = 4.2;
				TARGETED_DEVICE_FAMILY = "1,2";
				TEST_TARGET_NAME = sailPower;
			};
			name = Release;
		};
/* End XCBuildConfiguration section */

/* Begin XCConfigurationList section */
		A3357A5021CB330E00BC6FC2 /* Build configuration list for PBXProject "sailPower" */ = {
			isa = XCConfigurationList;
			buildConfigurations = (
				A3357A7B21CB330F00BC6FC2 /* Debug */,
				A3357A7C21CB330F00BC6FC2 /* Release */,
			);
			defaultConfigurationIsVisible = 0;
			defaultConfigurationName = Release;
		};
		A3357A7D21CB330F00BC6FC2 /* Build configuration list for PBXNativeTarget "sailPower" */ = {
			isa = XCConfigurationList;
			buildConfigurations = (
				A3357A7E21CB330F00BC6FC2 /* Debug */,
				A3357A7F21CB330F00BC6FC2 /* Release */,
			);
			defaultConfigurationIsVisible = 0;
			defaultConfigurationName = Release;
		};
		A3357A8021CB330F00BC6FC2 /* Build configuration list for PBXNativeTarget "sailPowerTests" */ = {
			isa = XCConfigurationList;
			buildConfigurations = (
				A3357A8121CB330F00BC6FC2 /* Debug */,
				A3357A8221CB330F00BC6FC2 /* Release */,
			);
			defaultConfigurationIsVisible = 0;
			defaultConfigurationName = Release;
		};
		A3357A8321CB330F00BC6FC2 /* Build configuration list for PBXNativeTarget "sailPowerUITests" */ = {
			isa = XCConfigurationList;
			buildConfigurations = (
				A3357A8421CB330F00BC6FC2 /* Debug */,
				A3357A8521CB330F00BC6FC2 /* Release */,
			);
			defaultConfigurationIsVisible = 0;
			defaultConfigurationName = Release;
		};
/* End XCConfigurationList section */
	};
	rootObject = A3357A4D21CB330E00BC6FC2 /* Project object */;
}
